{
  "name": "nodeadmin",
  "version": "1.0.0",
  "lockfileVersion": 1,
  "requires": true,
  "dependencies": {
    "bignumber.js": {
      "version": "4.1.0",
      "resolved": "https://registry.npmjs.org/bignumber.js/-/bignumber.js-4.1.0.tgz",
      "integrity": "sha512-eJzYkFYy9L4JzXsbymsFn3p54D+llV27oTQ+ziJG7WFRheJcNZilgVXMG0LoZtlQSKBsJdWtLFqOD0u+U0jZKA=="
    },
    "core-util-is": {
      "version": "1.0.2",
      "resolved": "https://registry.npmjs.org/core-util-is/-/core-util-is-1.0.2.tgz",
      "integrity": "sha1-tf1UIgqivFq1eqtxQMlAdUUDwac="
    },
    "inherits": {
      "version": "2.0.3",
      "resolved": "https://registry.npmjs.org/inherits/-/inherits-2.0.3.tgz",
      "integrity": "sha1-Yzwsg+PaQqUC9SRmAiSA9CCCYd4="
    },
    "isarray": {
      "version": "1.0.0",
      "resolved": "https://registry.npmjs.org/isarray/-/isarray-1.0.0.tgz",
      "integrity": "sha1-u5NdSFgsuhaMBoNJV6VKPgcSTxE="
    },
    "mysql": {
      "version": "2.16.0",
      "resolved": "https://registry.npmjs.org/mysql/-/mysql-2.16.0.tgz",
      "integrity": "sha512-dPbN2LHonQp7D5ja5DJXNbCLe/HRdu+f3v61aguzNRQIrmZLOeRoymBYyeThrR6ug+FqzDL95Gc9maqZUJS+Gw==",
      "requires": {
        "bignumber.js": "4.1.0",
        "readable-stream": "2.3.6",
        "safe-buffer": "5.1.2",
        "sqlstring": "2.3.1"
      }
    },
    "process-nextick-args": {
      "version": "2.0.0",
      "resolved": "https://registry.npmjs.org/process-nextick-args/-/process-nextick-args-2.0.0.tgz",
      "integrity": "sha512-MtEC1TqN0EU5nephaJ4rAtThHtC86dNN9qCuEhtshvpVBkAW5ZO7BASN9REnF9eoXGcRub+pFuKEpOHE+HbEMw=="
    },
    "readable-stream": {
      "version": "2.3.6",
      "resolved": "http://registry.npmjs.org/readable-stream/-/readable-stream-2.3.6.tgz",
      "integrity": "sha512-tQtKA9WIAhBF3+VLAseyMqZeBjW0AHJoxOtYqSUZNJxauErmLbVm2FW1y+J/YA9dUrAC39ITejlZWhVIwawkKw==",
      "requires": {
        "core-util-is": "~1.0.0",
        "inherits": "~2.0.3",
        "isarray": "~1.0.0",
        "process-nextick-args": "~2.0.0",
        "safe-buffer": "~5.1.1",
        "string_decoder": "~1.1.1",
        "util-deprecate": "~1.0.1"
      }
    },
    "safe-buffer": {
      "version": "5.1.2",
      "resolved": "https://registry.npmjs.org/safe-buffer/-/safe-buffer-5.1.2.tgz",
      "integrity": "sha512-Gd2UZBJDkXlY7GbJxfsE8/nvKkUEU1G38c1siN6QP6a9PT9MmHB8GnpscSmMJSoF8LOIrt8ud/wPtojys4G6+g=="
    },
    "sequelize": {
      "version": "4.41.2",
      "resolved": "http://registry.npm.taobao.org/sequelize/download/sequelize-4.41.2.tgz",
      "dependencies": {
        "bluebird": {
          "version": "http://registry.npm.taobao.org/bluebird/download/bluebird-3.5.3.tgz"
        },
        "cls-bluebird": {
          "version": "http://registry.npm.taobao.org/cls-bluebird/download/cls-bluebird-2.1.0.tgz",
          "dependencies": {
            "is-bluebird": {
              "version": "http://registry.npm.taobao.org/is-bluebird/download/is-bluebird-1.0.2.tgz"
            },
            "shimmer": {
              "version": "http://registry.npm.taobao.org/shimmer/download/shimmer-1.2.0.tgz"
            }
          }
        },
        "debug": {
          "version": "http://registry.npm.taobao.org/debug/download/debug-3.2.6.tgz"
        },
        "depd": {
          "version": "http://registry.npm.taobao.org/depd/download/depd-1.1.2.tgz"
        },
        "dottie": {
          "version": "http://registry.npm.taobao.org/dottie/download/dottie-2.0.1.tgz"
        },
        "generic-pool": {
          "version": "http://registry.npm.taobao.org/generic-pool/download/generic-pool-3.4.2.tgz"
        },
        "inflection": {
          "version": "http://registry.npm.taobao.org/inflection/download/inflection-1.12.0.tgz"
        },
        "lodash": {
          "version": "http://registry.npm.taobao.org/lodash/download/lodash-4.17.11.tgz"
        },
        "moment": {
          "version": "http://registry.npm.taobao.org/moment/download/moment-2.22.2.tgz"
        },
        "moment-timezone": {
          "version": "http://registry.npm.taobao.org/moment-timezone/download/moment-timezone-0.5.23.tgz"
        },
        "retry-as-promised": {
          "version": "http://registry.npm.taobao.org/retry-as-promised/download/retry-as-promised-2.3.2.tgz"
        },
        "semver": {
          "version": "http://registry.npm.taobao.org/semver/download/semver-5.6.0.tgz"
        },
        "terraformer-wkt-parser": {
          "version": "http://registry.npm.taobao.org/terraformer-wkt-parser/download/terraformer-wkt-parser-1.2.0.tgz"
        },
        "toposort-class": {
          "version": "http://registry.npm.taobao.org/toposort-class/download/toposort-class-1.0.1.tgz"
        },
        "uuid": {
          "version": "http://registry.npm.taobao.org/uuid/download/uuid-3.3.2.tgz"
        },
        "validator": {
          "version": "http://registry.npm.taobao.org/validator/download/validator-10.9.0.tgz"
        },
        "wkx": {
          "version": "http://registry.npm.taobao.org/wkx/download/wkx-0.4.5.tgz"
        }
      }
    },
    "sqlstring": {
      "version": "2.3.1",
      "resolved": "https://registry.npmjs.org/sqlstring/-/sqlstring-2.3.1.tgz",
      "integrity": "sha1-R1OT/56RR5rqYtyvDKPRSYOn+0A="
    },
    "string_decoder": {
      "version": "1.1.1",
      "resolved": "http://registry.npmjs.org/string_decoder/-/string_decoder-1.1.1.tgz",
      "integrity": "sha512-n/ShnvDi6FHbbVfviro+WojiFzv+s8MPMHBczVePfUpDJLwoLT0ht1l4YwBCbi8pJAveEEdnkHyPyTP/mzRfwg==",
      "requires": {
        "safe-buffer": "~5.1.0"
      }
    },
    "util-deprecate": {
      "version": "1.0.2",
      "resolved": "https://registry.npmjs.org/util-deprecate/-/util-deprecate-1.0.2.tgz",
      "integrity": "sha1-RQ1Nyfpw3nMnYvvS1KKJgUGaDM8="
    }
  }
}
